
Microsoft Visual Studio Solution File, Format Version 12.00
# Visual Studio 15
VisualStudioVersion = 15.0.26730.16
MinimumVisualStudioVersion = 10.0.40219.1
Project("{FAE04EC0-301F-11D3-BF4B-00C04F79EFBC}") = "MCJsonExporter", "MCJsonExporter\MCJsonExporter.csproj", "{A6758B92-002E-4D08-B847-40B8BFAAB843}"
EndProject
Project("{FAE04EC0-301F-11D3-BF4B-00C04F79EFBC}") = "Newtonsoft.Json", "..\Newtonsoft.Json-master\Src\Newtonsoft.Json\Newtonsoft.Json.csproj", "{C280FD1C-B0A8-43A4-BB0B-4911DF631971}"
EndProject
Project("{FAE04EC0-301F-11D3-BF4B-00C04F79EFBC}") = "AndAgain", "AndAgain\AndAgain.csproj", "{14500C27-911F-4133-84BE-42E1D98443BC}"
EndProject
Global
	GlobalSection(SolutionConfigurationPlatforms) = preSolution
		Debug|Any CPU = Debug|Any CPU
		Release|Any CPU = Release|Any CPU
	EndGlobalSection
	GlobalSection(ProjectConfigurationPlatforms) = postSolution
		{A6758B92-002E-4D08-B847-40B8BFAAB843}.Debug|Any CPU.ActiveCfg = Debug|Any CPU
		{A6758B92-002E-4D08-B847-40B8BFAAB843}.Debug|Any CPU.Build.0 = Debug|Any CPU
		{A6758B92-002E-4D08-B847-40B8BFAAB843}.Release|Any CPU.ActiveCfg = Release|Any CPU
		{A6758B92-002E-4D08-B847-40B8BFAAB843}.Release|Any CPU.Build.0 = Release|Any CPU
		{C280FD1C-B0A8-43A4-BB0B-4911DF631971}.Debug|Any CPU.ActiveCfg = Debug|Any CPU
		{C280FD1C-B0A8-43A4-BB0B-4911DF631971}.Debug|Any CPU.Build.0 = Debug|Any CPU
		{C280FD1C-B0A8-43A4-BB0B-4911DF631971}.Release|Any CPU.ActiveCfg = Release|Any CPU
		{C280FD1C-B0A8-43A4-BB0B-4911DF631971}.Release|Any CPU.Build.0 = Release|Any CPU
		{14500C27-911F-4133-84BE-42E1D98443BC}.Debug|Any CPU.ActiveCfg = Debug|Any CPU
		{14500C27-911F-4133-84BE-42E1D98443BC}.Debug|Any CPU.Build.0 = Debug|Any CPU
		{14500C27-911F-4133-84BE-42E1D98443BC}.Release|Any CPU.ActiveCfg = Release|Any CPU
		{14500C27-911F-4133-84BE-42E1D98443BC}.Release|Any CPU.Build.0 = Release|Any CPU
	EndGlobalSection
	GlobalSection(SolutionProperties) = preSolution
		HideSolutionNode = FALSE
	EndGlobalSection
	GlobalSection(ExtensibilityGlobals) = postSolution
		SolutionGuid = {ED10C757-B602-41F5-B84D-E30E73DDD0B0}
	EndGlobalSection
EndGlobal
